<?xml version="1.0" encoding="utf-8"?>
<Project ToolsVersion="4.0" xmlns="http://schemas.microsoft.com/developer/msbuild/2003">
  <ItemGroup>
    <Filter Include="Исходные файлы">
      <UniqueIdentifier>{4FC737F1-C7A5-4376-A066-2A32D752A2FF}</UniqueIdentifier>
      <Extensions>cpp;c;cc;cxx;c++;cppm;ixx;def;odl;idl;hpj;bat;asm;asmx</Extensions>
    </Filter>
    <Filter Include="Файлы заголовков">
      <UniqueIdentifier>{93995380-89BD-4b04-88EB-625FBE52EBFB}</UniqueIdentifier>
      <Extensions>h;hh;hpp;hxx;h++;hm;inl;inc;ipp;xsd</Extensions>
    </Filter>
    <Filter Include="Файлы ресурсов">
      <UniqueIdentifier>{67DA6AB6-F800-4c08-8B7A-83BB121AAD01}</UniqueIdentifier>
      <Extensions>rc;ico;cur;bmp;dlg;rc2;rct;bin;rgs;gif;jpg;jpeg;jpe;resx;tiff;tif;png;wav;mfcribbon-ms</Extensions>
    </Filter>
    <Filter Include="Исходные файлы\Mementro">
      <UniqueIdentifier>{99791b7d-054b-4e35-8041-5424e577708f}</UniqueIdentifier>
    </Filter>
    <Filter Include="Исходные файлы\shapes">
      <UniqueIdentifier>{309566a3-0cfd-4cda-8c6f-cf4c8bbe8cf1}</UniqueIdentifier>
    </Filter>
    <Filter Include="Исходные файлы\decorator">
      <UniqueIdentifier>{6e680abd-323b-4309-b9ae-92563c1c3a61}</UniqueIdentifier>
    </Filter>
    <Filter Include="Исходные файлы\Application">
      <UniqueIdentifier>{b4a627a7-3101-4141-8d98-2c14117f0fba}</UniqueIdentifier>
    </Filter>
    <Filter Include="Исходные файлы\Application\buttons">
      <UniqueIdentifier>{79bc93c3-d87a-4239-84a6-05738f1be965}</UniqueIdentifier>
    </Filter>
    <Filter Include="Исходные файлы\applicationWindow">
      <UniqueIdentifier>{45c59932-cb6a-49eb-9c70-edd43c91c5e6}</UniqueIdentifier>
    </Filter>
    <Filter Include="Исходные файлы\Composite">
      <UniqueIdentifier>{c722543e-c6a8-44d9-aa40-721d18e4ee0a}</UniqueIdentifier>
    </Filter>
  </ItemGroup>
  <ItemGroup>
    <ClCompile Include="main.cpp">
      <Filter>Исходные файлы</Filter>
    </ClCompile>
    <ClCompile Include="Shape.cpp">
      <Filter>Исходные файлы</Filter>
    </ClCompile>
    <ClCompile Include="SolidShape.cpp">
      <Filter>Исходные файлы</Filter>
    </ClCompile>
    <ClCompile Include="Point.cpp">
      <Filter>Исходные файлы</Filter>
    </ClCompile>
    <ClCompile Include="ConsoleCommand.cpp">
      <Filter>Исходные файлы</Filter>
    </ClCompile>
    <ClCompile Include="Ownership.cpp">
      <Filter>Исходные файлы</Filter>
    </ClCompile>
    <ClCompile Include="Mementro.cpp">
      <Filter>Исходные файлы\Mementro</Filter>
    </ClCompile>
    <ClCompile Include="Circle.cpp">
      <Filter>Исходные файлы\shapes</Filter>
    </ClCompile>
    <ClCompile Include="Triangle.cpp">
      <Filter>Исходные файлы\shapes</Filter>
    </ClCompile>
    <ClCompile Include="Rectangle.cpp">
      <Filter>Исходные файлы\shapes</Filter>
    </ClCompile>
    <ClCompile Include="LineSegment.cpp">
      <Filter>Исходные файлы\shapes</Filter>
    </ClCompile>
    <ClCompile Include="ShapeDecorator.cpp">
      <Filter>Исходные файлы\decorator</Filter>
    </ClCompile>
    <ClCompile Include="Application.cpp">
      <Filter>Исходные файлы\Application</Filter>
    </ClCompile>
    <ClCompile Include="CText.cpp">
      <Filter>Исходные файлы\Application\buttons</Filter>
    </ClCompile>
    <ClCompile Include="CApplicationWindow.cpp">
      <Filter>Исходные файлы\applicationWindow</Filter>
    </ClCompile>
    <ClCompile Include="CShapeComposite.cpp">
      <Filter>Исходные файлы\Composite</Filter>
    </ClCompile>
  </ItemGroup>
  <ItemGroup>
    <ClInclude Include="IShape.h">
      <Filter>Исходные файлы</Filter>
    </ClInclude>
    <ClInclude Include="iSolidShape.h">
      <Filter>Исходные файлы</Filter>
    </ClInclude>
    <ClInclude Include="SolidShape.h">
      <Filter>Исходные файлы</Filter>
    </ClInclude>
    <ClInclude Include="Shape.h">
      <Filter>Исходные файлы</Filter>
    </ClInclude>
    <ClInclude Include="Point.h">
      <Filter>Исходные файлы</Filter>
    </ClInclude>
    <ClInclude Include="ConsoleCommand.h">
      <Filter>Исходные файлы</Filter>
    </ClInclude>
    <ClInclude Include="Ownership.h">
      <Filter>Исходные файлы</Filter>
    </ClInclude>
    <ClInclude Include="Circle.h">
      <Filter>Исходные файлы\shapes</Filter>
    </ClInclude>
    <ClInclude Include="Triangle.h">
      <Filter>Исходные файлы\shapes</Filter>
    </ClInclude>
    <ClInclude Include="Rectangle.h">
      <Filter>Исходные файлы\shapes</Filter>
    </ClInclude>
    <ClInclude Include="LineSegment.h">
      <Filter>Исходные файлы\shapes</Filter>
    </ClInclude>
    <ClInclude Include="ShapeDecorator.h">
      <Filter>Исходные файлы\decorator</Filter>
    </ClInclude>
    <ClInclude Include="Figures.h">
      <Filter>Исходные файлы\shapes</Filter>
    </ClInclude>
    <ClInclude Include="Application.h">
      <Filter>Исходные файлы\Application</Filter>
    </ClInclude>
    <ClInclude Include="CText.h">
      <Filter>Исходные файлы\Application\buttons</Filter>
    </ClInclude>
    <ClInclude Include="CApplicationWindow.h">
      <Filter>Исходные файлы\applicationWindow</Filter>
    </ClInclude>
    <ClInclude Include="CShapeComposite.h">
      <Filter>Исходные файлы\Composite</Filter>
    </ClInclude>
    <ClInclude Include="IShapeComposite.h">
      <Filter>Исходные файлы\Composite</Filter>
    </ClInclude>
  </ItemGroup>
  <ItemGroup>
    <Text Include="test.txt" />
  </ItemGroup>
  <ItemGroup>
    <Font Include="CyrilicOld.TTF">
      <Filter>Исходные файлы</Filter>
    </Font>
  </ItemGroup>
</Project>